
Microsoft Visual Studio Solution File, Format Version 12.00
# Visual Studio Version 17
VisualStudioVersion = 17.0.31912.275
MinimumVisualStudioVersion = 10.0.40219.1
Project("{FAE04EC0-301F-11D3-BF4B-00C04F79EFBC}") = "BotToVisio", "BotToVisio\BotToVisio.csproj", "{809A1BC0-6017-4EE1-A64F-10ECFFA1C952}"
EndProject
Project("{2150E333-8FDC-42A3-9474-1A3956D46DE8}") = "Solution Items", "Solution Items", "{264F7C09-1795-4E39-9796-73E31346CAEF}"
	ProjectSection(SolutionItems) = preProject
		BotToVisio.nuspec = BotToVisio.nuspec
	EndProjectSection
EndProject
Global
	GlobalSection(SolutionConfigurationPlatforms) = preSolution
		Debug|Any CPU = Debug|Any CPU
		Release|Any CPU = Release|Any CPU
	EndGlobalSection
	GlobalSection(ProjectConfigurationPlatforms) = postSolution
		{809A1BC0-6017-4EE1-A64F-10ECFFA1C952}.Debug|Any CPU.ActiveCfg = Debug|Any CPU
		{809A1BC0-6017-4EE1-A64F-10ECFFA1C952}.Debug|Any CPU.Build.0 = Debug|Any CPU
		{809A1BC0-6017-4EE1-A64F-10ECFFA1C952}.Release|Any CPU.ActiveCfg = Release|Any CPU
		{809A1BC0-6017-4EE1-A64F-10ECFFA1C952}.Release|Any CPU.Build.0 = Release|Any CPU
	EndGlobalSection
	GlobalSection(SolutionProperties) = preSolution
		HideSolutionNode = FALSE
	EndGlobalSection
	GlobalSection(ExtensibilityGlobals) = postSolution
		SolutionGuid = {CAACA4CF-956D-4989-BA89-E3BC6D986CE4}
	EndGlobalSection
EndGlobal
